
Microsoft Visual Studio Solution File, Format Version 12.00
# Visual Studio Version 17
VisualStudioVersion = 17.14.36811.4 d17.14
MinimumVisualStudioVersion = 10.0.40219.1
Project("{FAE04EC0-301F-11D3-BF4B-00C04F79EFBC}") = "myStack", "myStack\myStack.csproj", "{FF610E88-1211-41C0-9608-FFA4560CB76A}"
EndProject
Global
	GlobalSection(SolutionConfigurationPlatforms) = preSolution
		Debug|Any CPU = Debug|Any CPU
		Release|Any CPU = Release|Any CPU
	EndGlobalSection
	GlobalSection(ProjectConfigurationPlatforms) = postSolution
		{FF610E88-1211-41C0-9608-FFA4560CB76A}.Debug|Any CPU.ActiveCfg = Debug|Any CPU
		{FF610E88-1211-41C0-9608-FFA4560CB76A}.Debug|Any CPU.Build.0 = Debug|Any CPU
		{FF610E88-1211-41C0-9608-FFA4560CB76A}.Release|Any CPU.ActiveCfg = Release|Any CPU
		{FF610E88-1211-41C0-9608-FFA4560CB76A}.Release|Any CPU.Build.0 = Release|Any CPU
	EndGlobalSection
	GlobalSection(SolutionProperties) = preSolution
		HideSolutionNode = FALSE
	EndGlobalSection
	GlobalSection(ExtensibilityGlobals) = postSolution
		SolutionGuid = {65AAC1A7-2A5C-4ACC-963B-E2C918262C4F}
	EndGlobalSection
EndGlobal
